
Microsoft Visual Studio Solution File, Format Version 12.00
# Visual Studio Version 16
VisualStudioVersion = 16.0.30804.86
MinimumVisualStudioVersion = 10.0.40219.1
Project("{FAE04EC0-301F-11D3-BF4B-00C04F79EFBC}") = "Nevflix3", "Nevflix3\Nevflix3.csproj", "{B704D879-009C-4654-B910-916E1913722B}"
EndProject
Global
	GlobalSection(SolutionConfigurationPlatforms) = preSolution
		Debug|Any CPU = Debug|Any CPU
		Release|Any CPU = Release|Any CPU
	EndGlobalSection
	GlobalSection(ProjectConfigurationPlatforms) = postSolution
		{B704D879-009C-4654-B910-916E1913722B}.Debug|Any CPU.ActiveCfg = Debug|Any CPU
		{B704D879-009C-4654-B910-916E1913722B}.Debug|Any CPU.Build.0 = Debug|Any CPU
		{B704D879-009C-4654-B910-916E1913722B}.Release|Any CPU.ActiveCfg = Release|Any CPU
		{B704D879-009C-4654-B910-916E1913722B}.Release|Any CPU.Build.0 = Release|Any CPU
	EndGlobalSection
	GlobalSection(SolutionProperties) = preSolution
		HideSolutionNode = FALSE
	EndGlobalSection
	GlobalSection(ExtensibilityGlobals) = postSolution
		SolutionGuid = {F81B6549-99B1-4A37-8B1E-53758E1F03F2}
	EndGlobalSection
EndGlobal
